Microsoft Visual Studio Solution File, Format Version 12.00
# Visual Studio Version 17
VisualStudioVersion = 17.5.2.0
MinimumVisualStudioVersion = 10.0.40219.1
Project("{FAE04EC0-301F-11D3-BF4B-00C04F79EFBC}") = "NoMercy.Plugin.InternetRadio", "NoMercy.Plugin.InternetRadio\NoMercy.Plugin.InternetRadio.csproj", "{075FD049-DFDC-E82B-0737-7C2D2A2C720A}"
EndProject
Global
	GlobalSection(SolutionConfigurationPlatforms) = preSolution
		Debug|Any CPU = Debug|Any CPU
		Release|Any CPU = Release|Any CPU
	EndGlobalSection
	GlobalSection(ProjectConfigurationPlatforms) = postSolution
		{075FD049-DFDC-E82B-0737-7C2D2A2C720A}.Debug|Any CPU.ActiveCfg = Debug|Any CPU
		{075FD049-DFDC-E82B-0737-7C2D2A2C720A}.Debug|Any CPU.Build.0 = Debug|Any CPU
		{075FD049-DFDC-E82B-0737-7C2D2A2C720A}.Release|Any CPU.ActiveCfg = Release|Any CPU
		{075FD049-DFDC-E82B-0737-7C2D2A2C720A}.Release|Any CPU.Build.0 = Release|Any CPU
	EndGlobalSection
	GlobalSection(SolutionProperties) = preSolution
		HideSolutionNode = FALSE
	EndGlobalSection
	GlobalSection(ExtensibilityGlobals) = postSolution
		SolutionGuid = {BBB427C1-7C26-4615-A292-B24C6F445864}
	EndGlobalSection
EndGlobal
